// !$*UTF8*$!
{
	archiveVersion = 1;
	classes = {
	};
	objectVersion = 46;
	objects = {

/* Begin PBXBuildFile section */
		A854F1491D5035B00064E6E0 /* main.m in Sources */ = {isa = PBXBuildFile; fileRef = A854F1481D5035B00064E6E0 /* main.m */; };
		A854F14C1D5035B00064E6E0 /* AppDelegate.m in Sources */ = {isa = PBXBuildFile; fileRef = A854F14B1D5035B00064E6E0 /* AppDelegate.m */; };
		A854F14F1D5035B00064E6E0 /* ViewController.m in Sources */ = {isa = PBXBuildFile; fileRef = A854F14E1D5035B00064E6E0 /* ViewController.m */; };
		A854F1521D5035B00064E6E0 /* Main.storyboard in Resources */ = {isa = PBXBuildFile; fileRef = A854F1501D5035B00064E6E0 /* Main.storyboard */; };
		A854F1541D5035B00064E6E0 /* Assets.xcassets in Resources */ = {isa = PBXBuildFile; fileRef = A854F1531D5035B00064E6E0 /* Assets.xcassets */; };
		A854F1571D5035B00064E6E0 /* LaunchScreen.storyboard in Resources */ = {isa = PBXBuildFile; fileRef = A854F1551D5035B00064E6E0 /* LaunchScreen.storyboard */; };
		A854F15F1D50443C0064E6E0 /* CoreImage.framework in Frameworks */ = {isa = PBXBuildFile; fileRef = A854F15E1D50443C0064E6E0 /* CoreImage.framework */; };
		A854F1621D504EA60064E6E0 /* SweepViewController.m in Sources */ = {isa = PBXBuildFile; fileRef = A854F1611D504EA60064E6E0 /* SweepViewController.m */; };
		A854F1641D506D540064E6E0 /* scanLine.png in Resources */ = {isa = PBXBuildFile; fileRef = A854F1631D506D540064E6E0 /* scanLine.png */; };
		A854F1671D507E850064E6E0 /* ErWeiMaViewController.m in Sources */ = {isa = PBXBuildFile; fileRef = A854F1661D507E850064E6E0 /* ErWeiMaViewController.m */; };
		A854F16D1D5083790064E6E0 /* LICENSE in Resources */ = {isa = PBXBuildFile; fileRef = A854F1691D5083790064E6E0 /* LICENSE */; };
		A854F16E1D5083790064E6E0 /* MBProgressHUD.m in Sources */ = {isa = PBXBuildFile; fileRef = A854F16B1D5083790064E6E0 /* MBProgressHUD.m */; };
		A854F16F1D5083790064E6E0 /* README.mdown in Sources */ = {isa = PBXBuildFile; fileRef = A854F16C1D5083790064E6E0 /* README.mdown */; };
/* End PBXBuildFile section */

/* Begin PBXFileReference section */
		A854F1441D5035B00064E6E0 /* ErWeiMaDemo.app */ = {isa = PBXFileReference; explicitFileType = wrapper.application; includeInIndex = 0; path = ErWeiMaDemo.app; sourceTree = BUILT_PRODUCTS_DIR; };
		A854F1481D5035B00064E6E0 /* main.m */ = {isa = PBXFileReference; lastKnownFileType = sourcecode.c.objc; path = main.m; sourceTree = "<group>"; };
		A854F14A1D5035B00064E6E0 /* AppDelegate.h */ = {isa = PBXFileReference; lastKnownFileType = sourcecode.c.h; path = AppDelegate.h; sourceTree = "<group>"; };
		A854F14B1D5035B00064E6E0 /* AppDelegate.m */ = {isa = PBXFileReference; lastKnownFileType = sourcecode.c.objc; path = AppDelegate.m; sourceTree = "<group>"; };
		A854F14D1D5035B00064E6E0 /* ViewController.h */ = {isa = PBXFileReference; lastKnownFileType = sourcecode.c.h; path = ViewController.h; sourceTree = "<group>"; };
		A854F14E1D5035B00064E6E0 /* ViewController.m */ = {isa = PBXFileReference; lastKnownFileType = sourcecode.c.objc; path = ViewController.m; sourceTree = "<group>"; };
		A854F1511D5035B00064E6E0 /* Base */ = {isa = PBXFileReference; lastKnownFileType = file.storyboard; name = Base; path = Base.lproj/Main.storyboard; sourceTree = "<group>"; };
		A854F1531D5035B00064E6E0 /* Assets.xcassets */ = {isa = PBXFileReference; lastKnownFileType = folder.assetcatalog; path = Assets.xcassets; sourceTree = "<group>"; };
		A854F1561D5035B00064E6E0 /* Base */ = {isa = PBXFileReference; lastKnownFileType = file.storyboard; name = Base; path = Base.lproj/LaunchScreen.storyboard; sourceTree = "<group>"; };
		A854F1581D5035B00064E6E0 /* Info.plist */ = {isa = PBXFileReference; lastKnownFileType = text.plist.xml; path = Info.plist; sourceTree = "<group>"; };
		A854F15E1D50443C0064E6E0 /* CoreImage.framework */ = {isa = PBXFileReference; lastKnownFileType = wrapper.framework; name = CoreImage.framework; path = System/Library/Frameworks/CoreImage.framework; sourceTree = SDKROOT; };
		A854F1601D504EA60064E6E0 /* SweepViewController.h */ = {isa = PBXFileReference; fileEncoding = 4; lastKnownFileType = sourcecode.c.h; path = SweepViewController.h; sourceTree = "<group>"; };
		A854F1611D504EA60064E6E0 /* SweepViewController.m */ = {isa = PBXFileReference; fileEncoding = 4; lastKnownFileType = sourcecode.c.objc; path = SweepViewController.m; sourceTree = "<group>"; };
		A854F1631D506D540064E6E0 /* scanLine.png */ = {isa = PBXFileReference; lastKnownFileType = image.png; path = scanLine.png; sourceTree = "<group>"; };
		A854F1651D507E850064E6E0 /* ErWeiMaViewController.h */ = {isa = PBXFileReference; fileEncoding = 4; lastKnownFileType = sourcecode.c.h; path = ErWeiMaViewController.h; sourceTree = "<group>"; };
		A854F1661D507E850064E6E0 /* ErWeiMaViewController.m */ = {isa = PBXFileReference; fileEncoding = 4; lastKnownFileType = sourcecode.c.objc; path = ErWeiMaViewController.m; sourceTree = "<group>"; };
		A854F1691D5083790064E6E0 /* LICENSE */ = {isa = PBXFileReference; fileEncoding = 4; lastKnownFileType = text; path = LICENSE; sourceTree = "<group>"; };
		A854F16A1D5083790064E6E0 /* MBProgressHUD.h */ = {isa = PBXFileReference; fileEncoding = 4; lastKnownFileType = sourcecode.c.h; path = MBProgressHUD.h; sourceTree = "<group>"; };
		A854F16B1D5083790064E6E0 /* MBProgressHUD.m */ = {isa = PBXFileReference; fileEncoding = 4; lastKnownFileType = sourcecode.c.objc; path = MBProgressHUD.m; sourceTree = "<group>"; };
		A854F16C1D5083790064E6E0 /* README.mdown */ = {isa = PBXFileReference; fileEncoding = 4; lastKnownFileType = net.daringfireball.markdown; path = README.mdown; sourceTree = "<group>"; };
/* End PBXFileReference section */

/* Begin PBXFrameworksBuildPhase section */
		A854F1411D5035B00064E6E0 /* Frameworks */ = {
			isa = PBXFrameworksBuildPhase;
			buildActionMask = 2147483647;
			files = (
				A854F15F1D50443C0064E6E0 /* CoreImage.framework in Frameworks */,
			);
			runOnlyForDeploymentPostprocessing = 0;
		};
/* End PBXFrameworksBuildPhase section */

/* Begin PBXGroup section */
		A854F13B1D5035B00064E6E0 = {
			isa = PBXGroup;
			children = (
				A854F15E1D50443C0064E6E0 /* CoreImage.framework */,
				A854F1461D5035B00064E6E0 /* ErWeiMaDemo */,
				A854F1451D5035B00064E6E0 /* Products */,
			);
			sourceTree = "<group>";
		};
		A854F1451D5035B00064E6E0 /* Products */ = {
			isa = PBXGroup;
			children = (
				A854F1441D5035B00064E6E0 /* ErWeiMaDemo.app */,
			);
			name = Products;
			sourceTree = "<group>";
		};
		A854F1461D5035B00064E6E0 /* ErWeiMaDemo */ = {
			isa = PBXGroup;
			children = (
				A854F1681D5083790064E6E0 /* MBProgressHUD */,
				A854F1631D506D540064E6E0 /* scanLine.png */,
				A854F14A1D5035B00064E6E0 /* AppDelegate.h */,
				A854F14B1D5035B00064E6E0 /* AppDelegate.m */,
				A854F14D1D5035B00064E6E0 /* ViewController.h */,
				A854F14E1D5035B00064E6E0 /* ViewController.m */,
				A854F1601D504EA60064E6E0 /* SweepViewController.h */,
				A854F1611D504EA60064E6E0 /* SweepViewController.m */,
				A854F1651D507E850064E6E0 /* ErWeiMaViewController.h */,
				A854F1661D507E850064E6E0 /* ErWeiMaViewController.m */,
				A854F1501D5035B00064E6E0 /* Main.storyboard */,
				A854F1531D5035B00064E6E0 /* Assets.xcassets */,
				A854F1551D5035B00064E6E0 /* LaunchScreen.storyboard */,
				A854F1581D5035B00064E6E0 /* Info.plist */,
				A854F1471D5035B00064E6E0 /* Supporting Files */,
			);
			path = ErWeiMaDemo;
			sourceTree = "<group>";
		};
		A854F1471D5035B00064E6E0 /* Supporting Files */ = {
			isa = PBXGroup;
			children = (
				A854F1481D5035B00064E6E0 /* main.m */,
			);
			name = "Supporting Files";
			sourceTree = "<group>";
		};
		A854F1681D5083790064E6E0 /* MBProgressHUD */ = {
			isa = PBXGroup;
			children = (
				A854F1691D5083790064E6E0 /* LICENSE */,
				A854F16A1D5083790064E6E0 /* MBProgressHUD.h */,
				A854F16B1D5083790064E6E0 /* MBProgressHUD.m */,
				A854F16C1D5083790064E6E0 /* README.mdown */,
			);
			path = MBProgressHUD;
			sourceTree = "<group>";
		};
/* End PBXGroup section */

/* Begin PBXNativeTarget section */
		A854F1431D5035B00064E6E0 /* ErWeiMaDemo */ = {
			isa = PBXNativeTarget;
			buildConfigurationList = A854F15B1D5035B00064E6E0 /* Build configuration list for PBXNativeTarget "ErWeiMaDemo" */;
			buildPhases = (
				A854F1401D5035B00064E6E0 /* Sources */,
				A854F1411D5035B00064E6E0 /* Frameworks */,
				A854F1421D5035B00064E6E0 /* Resources */,
			);
			buildRules = (
			);
			dependencies = (
			);
			name = ErWeiMaDemo;
			productName = ErWeiMaDemo;
			productReference = A854F1441D5035B00064E6E0 /* ErWeiMaDemo.app */;
			productType = "com.apple.product-type.application";
		};
/* End PBXNativeTarget section */

/* Begin PBXProject section */
		A854F13C1D5035B00064E6E0 /* Project object */ = {
			isa = PBXProject;
			attributes = {
				LastUpgradeCheck = 0730;
				ORGANIZATIONNAME = "Meng Fan";
				TargetAttributes = {
					A854F1431D5035B00064E6E0 = {
						CreatedOnToolsVersion = 7.3;
					};
				};
			};
			buildConfigurationList = A854F13F1D5035B00064E6E0 /* Build configuration list for PBXProject "ErWeiMaDemo" */;
			compatibilityVersion = "Xcode 3.2";
			developmentRegion = English;
			hasScannedForEncodings = 0;
			knownRegions = (
				en,
				Base,
			);
			mainGroup = A854F13B1D5035B00064E6E0;
			productRefGroup = A854F1451D5035B00064E6E0 /* Products */;
			projectDirPath = "";
			projectRoot = "";
			targets = (
				A854F1431D5035B00064E6E0 /* ErWeiMaDemo */,
			);
		};
/* End PBXProject section */

/* Begin PBXResourcesBuildPhase section */
		A854F1421D5035B00064E6E0 /* Resources */ = {
			isa = PBXResourcesBuildPhase;
			buildActionMask = 2147483647;
			files = (
				A854F1641D506D540064E6E0 /* scanLine.png in Resources */,
				A854F1571D5035B00064E6E0 /* LaunchScreen.storyboard in Resources */,
				A854F1541D5035B00064E6E0 /* Assets.xcassets in Resources */,
				A854F1521D5035B00064E6E0 /* Main.storyboard in Resources */,
				A854F16D1D5083790064E6E0 /* LICENSE in Resources */,
			);
			runOnlyForDeploymentPostprocessing = 0;
		};
/* End PBXResourcesBuildPhase section */

/* Begin PBXSourcesBuildPhase section */
		A854F1401D5035B00064E6E0 /* Sources */ = {
			isa = PBXSourcesBuildPhase;
			buildActionMask = 2147483647;
			files = (
				A854F14F1D5035B00064E6E0 /* ViewController.m in Sources */,
				A854F16E1D5083790064E6E0 /* MBProgressHUD.m in Sources */,
				A854F16F1D5083790064E6E0 /* README.mdown in Sources */,
				A854F1671D507E850064E6E0 /* ErWeiMaViewController.m in Sources */,
				A854F14C1D5035B00064E6E0 /* AppDelegate.m in Sources */,
				A854F1491D5035B00064E6E0 /* main.m in Sources */,
				A854F1621D504EA60064E6E0 /* SweepViewController.m in Sources */,
			);
			runOnlyForDeploymentPostprocessing = 0;
		};
/* End PBXSourcesBuildPhase section */

/* Begin PBXVariantGroup section */
		A854F1501D5035B00064E6E0 /* Main.storyboard */ = {
			isa = PBXVariantGroup;
			children = (
				A854F1511D5035B00064E6E0 /* Base */,
			);
			name = Main.storyboard;
			sourceTree = "<group>";
		};
		A854F1551D5035B00064E6E0 /* LaunchScreen.storyboard */ = {
			isa = PBXVariantGroup;
			children = (
				A854F1561D5035B00064E6E0 /* Base */,
			);
			name = LaunchScreen.storyboard;
			sourceTree = "<group>";
		};
/* End PBXVariantGroup section */

/* Begin XCBuildConfiguration section */
		A854F1591D5035B00064E6E0 /* Debug */ = {
			isa = XCBuildConfiguration;
			buildSettings = {
				ALWAYS_SEARCH_USER_PATHS = NO;
				CLANG_ANALYZER_NONNULL = YES;
				CLANG_CXX_LANGUAGE_STANDARD = "gnu++0x";
				CLANG_CXX_LIBRARY = "libc++";
				CLANG_ENABLE_MODULES = YES;
				CLANG_ENABLE_OBJC_ARC = YES;
				CLANG_WARN_BOOL_CONVERSION = YES;
				CLANG_WARN_CONSTANT_CONVERSION = YES;
				CLANG_WARN_DIRECT_OBJC_ISA_USAGE = YES_ERROR;
				CLANG_WARN_EMPTY_BODY = YES;
				CLANG_WARN_ENUM_CONVERSION = YES;
				CLANG_WARN_INT_CONVERSION = YES;
				CLANG_WARN_OBJC_ROOT_CLASS = YES_ERROR;
				CLANG_WARN_UNREACHABLE_CODE = YES;
				CLANG_WARN__DUPLICATE_METHOD_MATCH = YES;
				"CODE_SIGN_IDENTITY[sdk=iphoneos*]" = "iPhone Developer";
				COPY_PHASE_STRIP = NO;
				DEBUG_INFORMATION_FORMAT = dwarf;
				ENABLE_STRICT_OBJC_MSGSEND = YES;
				ENABLE_TESTABILITY = YES;
				GCC_C_LANGUAGE_STANDARD = gnu99;
				GCC_DYNAMIC_NO_PIC = NO;
				GCC_NO_COMMON_BLOCKS = YES;
				GCC_OPTIMIZATION_LEVEL = 0;
				GCC_PREPROCESSOR_DEFINITIONS = (
					"DEBUG=1",
					"$(inherited)",
				);
				GCC_WARN_64_TO_32_BIT_CONVERSION = YES;
				GCC_WARN_ABOUT_RETURN_TYPE = YES_ERROR;
				GCC_WARN_UNDECLARED_SELECTOR = YES;
				GCC_WARN_UNINITIALIZED_AUTOS = YES_AGGRESSIVE;
				GCC_WARN_UNUSED_FUNCTION = YES;
				GCC_WARN_UNUSED_VARIABLE = YES;
				IPHONEOS_DEPLOYMENT_TARGET = 9.3;
				MTL_ENABLE_DEBUG_INFO = YES;
				ONLY_ACTIVE_ARCH = YES;
				SDKROOT = iphoneos;
				TARGETED_DEVICE_FAMILY = "1,2";
			};
			name = Debug;
		};
		A854F15A1D5035B00064E6E0 /* Release */ = {
			isa = XCBuildConfiguration;
			buildSettings = {
				ALWAYS_SEARCH_USER_PATHS = NO;
				CLANG_ANALYZER_NONNULL = YES;
				CLANG_CXX_LANGUAGE_STANDARD = "gnu++0x";
				CLANG_CXX_LIBRARY = "libc++";
				CLANG_ENABLE_MODULES = YES;
				CLANG_ENABLE_OBJC_ARC = YES;
				CLANG_WARN_BOOL_CONVERSION = YES;
				CLANG_WARN_CONSTANT_CONVERSION = YES;
				CLANG_WARN_DIRECT_OBJC_ISA_USAGE = YES_ERROR;
				CLANG_WARN_EMPTY_BODY = YES;
				CLANG_WARN_ENUM_CONVERSION = YES;
				CLANG_WARN_INT_CONVERSION = YES;
				CLANG_WARN_OBJC_ROOT_CLASS = YES_ERROR;
				CLANG_WARN_UNREACHABLE_CODE = YES;
				CLANG_WARN__DUPLICATE_METHOD_MATCH = YES;
				"CODE_SIGN_IDENTITY[sdk=iphoneos*]" = "iPhone Developer";
				COPY_PHASE_STRIP = NO;
				DEBUG_INFORMATION_FORMAT = "dwarf-with-dsym";
				ENABLE_NS_ASSERTIONS = NO;
				ENABLE_STRICT_OBJC_MSGSEND = YES;
				GCC_C_LANGUAGE_STANDARD = gnu99;
				GCC_NO_COMMON_BLOCKS = YES;
				GCC_WARN_64_TO_32_BIT_CONVERSION = YES;
				GCC_WARN_ABOUT_RETURN_TYPE = YES_ERROR;
				GCC_WARN_UNDECLARED_SELECTOR = YES;
				GCC_WARN_UNINITIALIZED_AUTOS = YES_AGGRESSIVE;
				GCC_WARN_UNUSED_FUNCTION = YES;
				GCC_WARN_UNUSED_VARIABLE = YES;
				IPHONEOS_DEPLOYMENT_TARGET = 9.3;
				MTL_ENABLE_DEBUG_INFO = NO;
				SDKROOT = iphoneos;
				TARGETED_DEVICE_FAMILY = "1,2";
				VALIDATE_PRODUCT = YES;
			};
			name = Release;
		};
		A854F15C1D5035B00064E6E0 /* Debug */ = {
			isa = XCBuildConfiguration;
			buildSettings = {
				ASSETCATALOG_COMPILER_APPICON_NAME = AppIcon;
				INFOPLIST_FILE = ErWeiMaDemo/Info.plist;
				LD_RUNPATH_SEARCH_PATHS = "$(inherited) @executable_path/Frameworks";
				PRODUCT_BUNDLE_IDENTIFIER = "com.dk.-.ErWeiMaDemo";
				PRODUCT_NAME = "$(TARGET_NAME)";
			};
			name = Debug;
		};
		A854F15D1D5035B00064E6E0 /* Release */ = {
			isa = XCBuildConfiguration;
			buildSettings = {
				ASSETCATALOG_COMPILER_APPICON_NAME = AppIcon;
				INFOPLIST_FILE = ErWeiMaDemo/Info.plist;
				LD_RUNPATH_SEARCH_PATHS = "$(inherited) @executable_path/Frameworks";
				PRODUCT_BUNDLE_IDENTIFIER = "com.dk.-.ErWeiMaDemo";
				PRODUCT_NAME = "$(TARGET_NAME)";
			};
			name = Release;
		};
/* End XCBuildConfiguration section */

/* Begin XCConfigurationList section */
		A854F13F1D5035B00064E6E0 /* Build configuration list for PBXProject "ErWeiMaDemo" */ = {
			isa = XCConfigurationList;
			buildConfigurations = (
				A854F1591D5035B00064E6E0 /* Debug */,
				A854F15A1D5035B00064E6E0 /* Release */,
			);
			defaultConfigurationIsVisible = 0;
			defaultConfigurationName = Release;
		};
		A854F15B1D5035B00064E6E0 /* Build configuration list for PBXNativeTarget "ErWeiMaDemo" */ = {
			isa = XCConfigurationList;
			buildConfigurations = (
				A854F15C1D5035B00064E6E0 /* Debug */,
				A854F15D1D5035B00064E6E0 /* Release */,
			);
			defaultConfigurationIsVisible = 0;
		};
/* End XCConfigurationList section */
	};
	rootObject = A854F13C1D5035B00064E6E0 /* Project object */;
}
